{
  "name": "Oshin",
  "version": "1.0.0",
  "lockfileVersion": 1,
  "requires": true,
  "dependencies": {
    "@types/commander": {
      "version": "2.12.2",
      "resolved": "https://registry.npmjs.org/@types/commander/-/commander-2.12.2.tgz",
      "integrity": "sha512-0QEFiR8ljcHp9bAbWxecjVRuAMr16ivPiGOw6KFQBVrVd0RQIcM3xKdRisH2EDWgVWujiYtHwhSkSUoAAGzH7Q==",
      "requires": {
        "commander": "*"
      }
    },
    "@types/semver": {
      "version": "5.5.0",
      "resolved": "https://registry.npmjs.org/@types/semver/-/semver-5.5.0.tgz",
      "integrity": "sha512-41qEJgBH/TWgo5NFSvBCJ1qkoi3Q6ONSF2avrHq1LVEZfYpdHmj0y9SuTK+u9ZhG1sYQKBL1AWXKyLWP4RaUoQ=="
    },
    "Q": {
      "version": "1.0.0",
      "resolved": "https://registry.npmjs.org/Q/-/Q-1.0.0.tgz",
      "integrity": "sha512-Mhs82rUB2yT2gTvioha4UlG/TRvaFL+tboSqXKT7leimAbEfdqMdrvFdtZyhmCCkpzqz+JqehSGWgLSXbZ8qAg=="
    },
    "commander": {
      "version": "2.17.1",
      "resolved": "https://registry.npmjs.org/commander/-/commander-2.17.1.tgz",
      "integrity": "sha512-wPMUt6FnH2yzG95SA6mzjQOEKUU3aLaDEmzs1ti+1E9h+CsrZghRlqEM/EJ4KscsQVG8uNN4uVreUeT8+drlgg=="
    },
    "editorconfig": {
      "version": "0.15.0",
      "resolved": "https://registry.npmjs.org/editorconfig/-/editorconfig-0.15.0.tgz",
      "integrity": "sha512-j7JBoj/bpNzvoTQylfRZSc85MlLNKWQiq5y6gwKhmqD2h1eZ+tH4AXbkhEJD468gjDna/XMx2YtSkCxBRX9OGg==",
      "requires": {
        "@types/commander": "^2.11.0",
        "@types/semver": "^5.4.0",
        "commander": "^2.11.0",
        "lru-cache": "^4.1.1",
        "semver": "^5.4.1",
        "sigmund": "^1.0.1"
      }
    },
    "eslint-config-react-app": {
      "version": "2.1.0",
      "resolved": "https://registry.npmjs.org/eslint-config-react-app/-/eslint-config-react-app-2.1.0.tgz",
      "integrity": "sha512-8QZrKWuHVC57Fmu+SsKAVxnI9LycZl7NFQ4H9L+oeISuCXhYdXqsOOIVSjQFW6JF5MXZLFE+21Syhd7mF1IRZQ=="
    },
    "eslint-plugin-requirejs": {
      "version": "3.2.0",
      "resolved": "https://registry.npmjs.org/eslint-plugin-requirejs/-/eslint-plugin-requirejs-3.2.0.tgz",
      "integrity": "sha512-HG9iGoO6I9mlU9y6G9/yOC+Q6jmJf63l1LjGmBuiDFhC/reARexH9hVi6IkPfbbSGK2ruGvMEuivvco1ft0c2Q=="
    },
    "eslintrc": {
      "version": "1.0.6",
      "resolved": "https://registry.npmjs.org/eslintrc/-/eslintrc-1.0.6.tgz",
      "integrity": "sha1-LmwgfFwVprHA5+XVy7GNe8sBpBM=",
      "requires": {
        "eslint-config-react-app": "^2.1.0",
        "eslint-plugin-requirejs": "^3.1.1"
      }
    },
    "gitignore": {
      "version": "0.6.0",
      "resolved": "https://registry.npmjs.org/gitignore/-/gitignore-0.6.0.tgz",
      "integrity": "sha1-hRjjnR4S+JbrCXHg+MmC5hbtdl4="
    },
    "lru-cache": {
      "version": "4.1.3",
      "resolved": "https://registry.npmjs.org/lru-cache/-/lru-cache-4.1.3.tgz",
      "integrity": "sha512-fFEhvcgzuIoJVUF8fYr5KR0YqxD238zgObTps31YdADwPPAp82a4M8TrckkWyx7ekNlf9aBcVn81cFwwXngrJA==",
      "requires": {
        "pseudomap": "^1.0.2",
        "yallist": "^2.1.2"
      }
    },
    "pseudomap": {
      "version": "1.0.2",
      "resolved": "https://registry.npmjs.org/pseudomap/-/pseudomap-1.0.2.tgz",
      "integrity": "sha1-8FKijacOYYkX7wqKw0wa5aaChrM="
    },
    "semver": {
      "version": "5.5.0",
      "resolved": "https://registry.npmjs.org/semver/-/semver-5.5.0.tgz",
      "integrity": "sha512-4SJ3dm0WAwWy/NVeioZh5AntkdJoWKxHxcmyP622fOkgHa4z3R0TdBJICINyaSDE6uNwVc8gZr+ZinwZAH4xIA=="
    },
    "sigmund": {
      "version": "1.0.1",
      "resolved": "https://registry.npmjs.org/sigmund/-/sigmund-1.0.1.tgz",
      "integrity": "sha1-P/IfGYytIXX587eBhT/ZTQ0ZtZA="
    },
    "yallist": {
      "version": "2.1.2",
      "resolved": "https://registry.npmjs.org/yallist/-/yallist-2.1.2.tgz",
      "integrity": "sha1-HBH5IY8HYImkfdUS+TxmmaaoHVI="
    }
  }
}
